# generated by rye
# use `rye lock` or `rye sync` to update this lockfile
#
# last locked with the following flags:
#   pre: false
#   features: []
#   all-features: false
#   with-sources: false
#   generate-hashes: false
#   universal: false

-e file:.
minecraftmap @ git+https://github.com/jason-green-io/minecraftmap.git@d963488d4ed4ef414d60b6a7a9cb2c9c6295200a
    # via poigen
nbt==1.5.1
    # via minecraftmap
    # via poigen
pillow==10.4.0
    # via minecraftmap
python-dotenv==1.0.1
    # via poigen
tabulate==0.9.0
    # via poigen
